
Microsoft Visual Studio Solution File, Format Version 12.00
# Visual Studio 15
Project("{FAE04EC0-301F-11D3-BF4B-00C04F79EFBC}") = "Unity.XR.Interaction.Toolkit.Samples.StarterAssets", "Unity.XR.Interaction.Toolkit.Samples.StarterAssets.csproj", "{8C229971-83C3-A75A-0A91-3C0C9BA3BEC8}"
EndProject
Project("{FAE04EC0-301F-11D3-BF4B-00C04F79EFBC}") = "Assembly-CSharp", "Assembly-CSharp.csproj", "{A9526EDB-8ECB-C3C4-D2F6-505E51960D4E}"
EndProject
Project("{FAE04EC0-301F-11D3-BF4B-00C04F79EFBC}") = "Unity.XR.Interaction.Toolkit.Samples.StarterAssets.Editor", "Unity.XR.Interaction.Toolkit.Samples.StarterAssets.Editor.csproj", "{E898CB88-CF9A-CD98-C8F4-C271AD380D06}"
EndProject
Global
	GlobalSection(SolutionConfigurationPlatforms) = preSolution
		Debug|Any CPU = Debug|Any CPU
		Release|Any CPU = Release|Any CPU
	EndGlobalSection
	GlobalSection(ProjectConfigurationPlatforms) = postSolution
		{8C229971-83C3-A75A-0A91-3C0C9BA3BEC8}.Debug|Any CPU.ActiveCfg = Debug|Any CPU
		{8C229971-83C3-A75A-0A91-3C0C9BA3BEC8}.Debug|Any CPU.Build.0 = Debug|Any CPU
		{8C229971-83C3-A75A-0A91-3C0C9BA3BEC8}.Release|Any CPU.ActiveCfg = Release|Any CPU
		{8C229971-83C3-A75A-0A91-3C0C9BA3BEC8}.Release|Any CPU.Build.0 = Release|Any CPU
		{A9526EDB-8ECB-C3C4-D2F6-505E51960D4E}.Debug|Any CPU.ActiveCfg = Debug|Any CPU
		{A9526EDB-8ECB-C3C4-D2F6-505E51960D4E}.Debug|Any CPU.Build.0 = Debug|Any CPU
		{A9526EDB-8ECB-C3C4-D2F6-505E51960D4E}.Release|Any CPU.ActiveCfg = Release|Any CPU
		{A9526EDB-8ECB-C3C4-D2F6-505E51960D4E}.Release|Any CPU.Build.0 = Release|Any CPU
		{E898CB88-CF9A-CD98-C8F4-C271AD380D06}.Debug|Any CPU.ActiveCfg = Debug|Any CPU
		{E898CB88-CF9A-CD98-C8F4-C271AD380D06}.Debug|Any CPU.Build.0 = Debug|Any CPU
		{E898CB88-CF9A-CD98-C8F4-C271AD380D06}.Release|Any CPU.ActiveCfg = Release|Any CPU
		{E898CB88-CF9A-CD98-C8F4-C271AD380D06}.Release|Any CPU.Build.0 = Release|Any CPU
	EndGlobalSection
	GlobalSection(SolutionProperties) = preSolution
		HideSolutionNode = FALSE
	EndGlobalSection
EndGlobal
